
Microsoft Visual Studio Solution File, Format Version 12.00
# Visual Studio Version 17
VisualStudioVersion = 17.2.32630.192
MinimumVisualStudioVersion = 10.0.40219.1
Project("{9A19103F-16F7-4668-BE54-9A1E7A4F7556}") = "VNCLogViewer", "VNCLogViewer\VNCLogViewer.csproj", "{4D54A580-3BE7-4AAD-8301-C2BB9AE7745D}"
EndProject
Project("{9A19103F-16F7-4668-BE54-9A1E7A4F7556}") = "VNCLogViewer.Core", "VNCLogViewer.Core\VNCLogViewer.Core.csproj", "{FFECE81D-9F7E-400C-8100-47E3935EA93D}"
EndProject
Project("{9A19103F-16F7-4668-BE54-9A1E7A4F7556}") = "VNCLogViewer.LoggingUIConfig", "VNCLogViewer.LoggingUIConfig\VNCLogViewer.LoggingUIConfig.csproj", "{C53F9023-6AE0-48E6-8A82-A1DFD1321092}"
EndProject
Project("{9A19103F-16F7-4668-BE54-9A1E7A4F7556}") = "VNCSignalRClient", "..\VNC\VNC.Logging\SignalR\VNCSignalRClient\VNCSignalRClient.csproj", "{C7F1071F-6A35-44B1-B71C-BE5DC9029549}"
EndProject
Global
	GlobalSection(SolutionConfigurationPlatforms) = preSolution
		Debug|Any CPU = Debug|Any CPU
		Release|Any CPU = Release|Any CPU
	EndGlobalSection
	GlobalSection(ProjectConfigurationPlatforms) = postSolution
		{4D54A580-3BE7-4AAD-8301-C2BB9AE7745D}.Debug|Any CPU.ActiveCfg = Debug|Any CPU
		{4D54A580-3BE7-4AAD-8301-C2BB9AE7745D}.Debug|Any CPU.Build.0 = Debug|Any CPU
		{4D54A580-3BE7-4AAD-8301-C2BB9AE7745D}.Release|Any CPU.ActiveCfg = Release|Any CPU
		{4D54A580-3BE7-4AAD-8301-C2BB9AE7745D}.Release|Any CPU.Build.0 = Release|Any CPU
		{FFECE81D-9F7E-400C-8100-47E3935EA93D}.Debug|Any CPU.ActiveCfg = Debug|Any CPU
		{FFECE81D-9F7E-400C-8100-47E3935EA93D}.Debug|Any CPU.Build.0 = Debug|Any CPU
		{FFECE81D-9F7E-400C-8100-47E3935EA93D}.Release|Any CPU.ActiveCfg = Release|Any CPU
		{FFECE81D-9F7E-400C-8100-47E3935EA93D}.Release|Any CPU.Build.0 = Release|Any CPU
		{C53F9023-6AE0-48E6-8A82-A1DFD1321092}.Debug|Any CPU.ActiveCfg = Debug|Any CPU
		{C53F9023-6AE0-48E6-8A82-A1DFD1321092}.Debug|Any CPU.Build.0 = Debug|Any CPU
		{C53F9023-6AE0-48E6-8A82-A1DFD1321092}.Release|Any CPU.ActiveCfg = Release|Any CPU
		{C53F9023-6AE0-48E6-8A82-A1DFD1321092}.Release|Any CPU.Build.0 = Release|Any CPU
		{C7F1071F-6A35-44B1-B71C-BE5DC9029549}.Debug|Any CPU.ActiveCfg = Debug|Any CPU
		{C7F1071F-6A35-44B1-B71C-BE5DC9029549}.Debug|Any CPU.Build.0 = Debug|Any CPU
		{C7F1071F-6A35-44B1-B71C-BE5DC9029549}.Release|Any CPU.ActiveCfg = Release|Any CPU
		{C7F1071F-6A35-44B1-B71C-BE5DC9029549}.Release|Any CPU.Build.0 = Release|Any CPU
	EndGlobalSection
	GlobalSection(SolutionProperties) = preSolution
		HideSolutionNode = FALSE
	EndGlobalSection
	GlobalSection(ExtensibilityGlobals) = postSolution
		SolutionGuid = {3AB29A50-5C4E-489A-8552-154CCBBD9D6E}
	EndGlobalSection
EndGlobal
