
Microsoft Visual Studio Solution File, Format Version 12.00
# Visual Studio Version 17
VisualStudioVersion = 17.2.32630.192
MinimumVisualStudioVersion = 10.0.40219.1
Project("{9A19103F-16F7-4668-BE54-9A1E7A4F7556}") = "VNCLogViewer", "VNCLogViewer.csproj", "{4D54A580-3BE7-4AAD-8301-C2BB9AE7745D}"
EndProject
Global
	GlobalSection(SolutionConfigurationPlatforms) = preSolution
		Debug|Any CPU = Debug|Any CPU
		Release|Any CPU = Release|Any CPU
	EndGlobalSection
	GlobalSection(ProjectConfigurationPlatforms) = postSolution
		{4D54A580-3BE7-4AAD-8301-C2BB9AE7745D}.Debug|Any CPU.ActiveCfg = Debug|Any CPU
		{4D54A580-3BE7-4AAD-8301-C2BB9AE7745D}.Debug|Any CPU.Build.0 = Debug|Any CPU
		{4D54A580-3BE7-4AAD-8301-C2BB9AE7745D}.Release|Any CPU.ActiveCfg = Release|Any CPU
		{4D54A580-3BE7-4AAD-8301-C2BB9AE7745D}.Release|Any CPU.Build.0 = Release|Any CPU
	EndGlobalSection
	GlobalSection(SolutionProperties) = preSolution
		HideSolutionNode = FALSE
	EndGlobalSection
	GlobalSection(ExtensibilityGlobals) = postSolution
		SolutionGuid = {3AB29A50-5C4E-489A-8552-154CCBBD9D6E}
	EndGlobalSection
EndGlobal
