
Microsoft Visual Studio Solution File, Format Version 12.00
# Visual Studio Version 17
VisualStudioVersion = 17.5.002.0
MinimumVisualStudioVersion = 10.0.40219.1
Project("{9A19103F-16F7-4668-BE54-9A1E7A4F7556}") = "Benchmarks", "Benchmarks.csproj", "{893DD5F0-26BA-43BB-9DF9-60B321D8F4B1}"
EndProject
Global
	GlobalSection(SolutionConfigurationPlatforms) = preSolution
		Debug|Any CPU = Debug|Any CPU
		Release|Any CPU = Release|Any CPU
	EndGlobalSection
	GlobalSection(ProjectConfigurationPlatforms) = postSolution
		{893DD5F0-26BA-43BB-9DF9-60B321D8F4B1}.Debug|Any CPU.ActiveCfg = Debug|Any CPU
		{893DD5F0-26BA-43BB-9DF9-60B321D8F4B1}.Debug|Any CPU.Build.0 = Debug|Any CPU
		{893DD5F0-26BA-43BB-9DF9-60B321D8F4B1}.Release|Any CPU.ActiveCfg = Release|Any CPU
		{893DD5F0-26BA-43BB-9DF9-60B321D8F4B1}.Release|Any CPU.Build.0 = Release|Any CPU
	EndGlobalSection
	GlobalSection(SolutionProperties) = preSolution
		HideSolutionNode = FALSE
	EndGlobalSection
	GlobalSection(ExtensibilityGlobals) = postSolution
		SolutionGuid = {86F00CCE-CFF2-42DA-A89A-EFA1CD6BF292}
	EndGlobalSection
EndGlobal
